
Microsoft Visual Studio Solution File, Format Version 12.00
# Visual Studio Version 17
VisualStudioVersion = 17.0.32014.148
MinimumVisualStudioVersion = 10.0.40219.1
Project("{FAE04EC0-301F-11D3-BF4B-00C04F79EFBC}") = "Longest Substring Without repeating Characters", "Longest Substring Without repeating Characters\Longest Substring Without repeating Characters.csproj", "{9CC4CB09-41E8-4B2B-947D-080C12F52003}"
EndProject
Global
	GlobalSection(SolutionConfigurationPlatforms) = preSolution
		Debug|Any CPU = Debug|Any CPU
		Release|Any CPU = Release|Any CPU
	EndGlobalSection
	GlobalSection(ProjectConfigurationPlatforms) = postSolution
		{9CC4CB09-41E8-4B2B-947D-080C12F52003}.Debug|Any CPU.ActiveCfg = Debug|Any CPU
		{9CC4CB09-41E8-4B2B-947D-080C12F52003}.Debug|Any CPU.Build.0 = Debug|Any CPU
		{9CC4CB09-41E8-4B2B-947D-080C12F52003}.Release|Any CPU.ActiveCfg = Release|Any CPU
		{9CC4CB09-41E8-4B2B-947D-080C12F52003}.Release|Any CPU.Build.0 = Release|Any CPU
	EndGlobalSection
	GlobalSection(SolutionProperties) = preSolution
		HideSolutionNode = FALSE
	EndGlobalSection
	GlobalSection(ExtensibilityGlobals) = postSolution
		SolutionGuid = {6840D9E4-6C21-4A40-862E-FF9B2536DF37}
	EndGlobalSection
EndGlobal
